
Microsoft Visual Studio Solution File, Format Version 12.00
# Visual Studio Version 17
VisualStudioVersion = 17.4.33122.133
MinimumVisualStudioVersion = 10.0.40219.1
Project("{FAE04EC0-301F-11D3-BF4B-00C04F79EFBC}") = "iCream_Admin", "iCream_Admin\iCream_Admin.csproj", "{ADAA99E9-E382-4078-A335-6F9F3A658351}"
EndProject
Global
	GlobalSection(SolutionConfigurationPlatforms) = preSolution
		Debug|Any CPU = Debug|Any CPU
		Release|Any CPU = Release|Any CPU
	EndGlobalSection
	GlobalSection(ProjectConfigurationPlatforms) = postSolution
		{ADAA99E9-E382-4078-A335-6F9F3A658351}.Debug|Any CPU.ActiveCfg = Debug|Any CPU
		{ADAA99E9-E382-4078-A335-6F9F3A658351}.Debug|Any CPU.Build.0 = Debug|Any CPU
		{ADAA99E9-E382-4078-A335-6F9F3A658351}.Release|Any CPU.ActiveCfg = Release|Any CPU
		{ADAA99E9-E382-4078-A335-6F9F3A658351}.Release|Any CPU.Build.0 = Release|Any CPU
	EndGlobalSection
	GlobalSection(SolutionProperties) = preSolution
		HideSolutionNode = FALSE
	EndGlobalSection
	GlobalSection(ExtensibilityGlobals) = postSolution
		SolutionGuid = {917B5C67-55C4-4BE1-8D02-A507C001ACF4}
	EndGlobalSection
EndGlobal
