
Microsoft Visual Studio Solution File, Format Version 12.00
# Visual Studio Version 17
VisualStudioVersion = 17.4.33122.133
MinimumVisualStudioVersion = 10.0.40219.1
Project("{FAE04EC0-301F-11D3-BF4B-00C04F79EFBC}") = "iCream_Web", "iCream_Web\iCream_Web.csproj", "{D60F7C83-DE8F-4AB2-ABE9-7DB2E4A90424}"
EndProject
Global
	GlobalSection(SolutionConfigurationPlatforms) = preSolution
		Debug|Any CPU = Debug|Any CPU
		Release|Any CPU = Release|Any CPU
	EndGlobalSection
	GlobalSection(ProjectConfigurationPlatforms) = postSolution
		{D60F7C83-DE8F-4AB2-ABE9-7DB2E4A90424}.Debug|Any CPU.ActiveCfg = Debug|Any CPU
		{D60F7C83-DE8F-4AB2-ABE9-7DB2E4A90424}.Debug|Any CPU.Build.0 = Debug|Any CPU
		{D60F7C83-DE8F-4AB2-ABE9-7DB2E4A90424}.Release|Any CPU.ActiveCfg = Release|Any CPU
		{D60F7C83-DE8F-4AB2-ABE9-7DB2E4A90424}.Release|Any CPU.Build.0 = Release|Any CPU
	EndGlobalSection
	GlobalSection(SolutionProperties) = preSolution
		HideSolutionNode = FALSE
	EndGlobalSection
	GlobalSection(ExtensibilityGlobals) = postSolution
		SolutionGuid = {601BF67C-C8D0-466F-8AB2-4250CFF2B54F}
	EndGlobalSection
EndGlobal
